
Microsoft Visual Studio Solution File, Format Version 12.00
Project("{FAE04EC0-301F-11D3-BF4B-00C04F79EFBC}") = "Bloqboard.Ethereum.Common", "Bloqboard.Ethereum.Common\Bloqboard.Ethereum.Common.csproj", "{78B3038E-707A-4672-8A82-3F18C89134CE}"
EndProject
Global
	GlobalSection(SolutionConfigurationPlatforms) = preSolution
		Debug|Any CPU = Debug|Any CPU
		Release|Any CPU = Release|Any CPU
	EndGlobalSection
	GlobalSection(ProjectConfigurationPlatforms) = postSolution
		{78B3038E-707A-4672-8A82-3F18C89134CE}.Debug|Any CPU.ActiveCfg = Debug|Any CPU
		{78B3038E-707A-4672-8A82-3F18C89134CE}.Debug|Any CPU.Build.0 = Debug|Any CPU
		{78B3038E-707A-4672-8A82-3F18C89134CE}.Release|Any CPU.ActiveCfg = Release|Any CPU
		{78B3038E-707A-4672-8A82-3F18C89134CE}.Release|Any CPU.Build.0 = Release|Any CPU
	EndGlobalSection
EndGlobal
